// !$*UTF8*$!
{
	archiveVersion = 1;
	classes = {
	};
	objectVersion = 77;
	objects = {

/* Begin PBXBuildFile section */
		0056D1092D974039003B7493 /* libmazer.a in Frameworks */ = {isa = PBXBuildFile; fileRef = 0056D1082D974038003B7493 /* libmazer.a */; };
		00C33F662D98C84C0077691B /* Preview Assets.xcassets in Resources */ = {isa = PBXBuildFile; fileRef = 00C33F5C2D98C84C0077691B /* Preview Assets.xcassets */; };
		00C33F672D98C84C0077691B /* Assets.xcassets in Resources */ = {isa = PBXBuildFile; fileRef = 00C33F5E2D98C84C0077691B /* Assets.xcassets */; };
		00C33F682D98C84C0077691B /* ContentView.swift in Sources */ = {isa = PBXBuildFile; fileRef = 00C33F5F2D98C84C0077691B /* ContentView.swift */; };
		00C33F692D98C84C0077691B /* mazer_iosApp.swift in Sources */ = {isa = PBXBuildFile; fileRef = 00C33F622D98C84C0077691B /* mazer_iosApp.swift */; };
		00C33F6A2D98C84C0077691B /* MazeRequestValidator.swift in Sources */ = {isa = PBXBuildFile; fileRef = 00C33F632D98C84C0077691B /* MazeRequestValidator.swift */; };
		00C33F6B2D98C84C0077691B /* MazeRequestView.swift in Sources */ = {isa = PBXBuildFile; fileRef = 00C33F642D98C84C0077691B /* MazeRequestView.swift */; };
		00C33F6C2D98C84C0077691B /* mazer_bridge.h in Sources */ = {isa = PBXBuildFile; fileRef = 00C33F612D98C84C0077691B /* mazer_bridge.h */; };
		00C33F752D98CC730077691B /* MazeRequestError.swift in Sources */ = {isa = PBXBuildFile; fileRef = 00C33F742D98CA9E0077691B /* MazeRequestError.swift */; };
		00C33F762D98CC790077691B /* MazeRequest.swift in Sources */ = {isa = PBXBuildFile; fileRef = 00C33F712D98C97B0077691B /* MazeRequest.swift */; };
		00C33F772D98CC800077691B /* MazeType.swift in Sources */ = {isa = PBXBuildFile; fileRef = 00C33F722D98C9E10077691B /* MazeType.swift */; };
		00C33F782D98CC860077691B /* MazeAlgorithm.swift in Sources */ = {isa = PBXBuildFile; fileRef = 00C33F732D98C9E60077691B /* MazeAlgorithm.swift */; };
		00C33F792D98CC8E0077691B /* Coordinates.swift in Sources */ = {isa = PBXBuildFile; fileRef = 00C33F702D98C93D0077691B /* Coordinates.swift */; };
/* End PBXBuildFile section */

/* Begin PBXFileReference section */
		0056D0992D94D7FE003B7493 /* mazer-ios.app */ = {isa = PBXFileReference; explicitFileType = wrapper.application; includeInIndex = 0; path = "mazer-ios.app"; sourceTree = BUILT_PRODUCTS_DIR; };
		0056D1082D974038003B7493 /* libmazer.a */ = {isa = PBXFileReference; lastKnownFileType = archive.ar; name = libmazer.a; path = "mazer/target/aarch64-apple-ios-sim/debug/libmazer.a"; sourceTree = "<group>"; };
		00C33F5C2D98C84C0077691B /* Preview Assets.xcassets */ = {isa = PBXFileReference; lastKnownFileType = folder.assetcatalog; path = "Preview Assets.xcassets"; sourceTree = "<group>"; };
		00C33F5E2D98C84C0077691B /* Assets.xcassets */ = {isa = PBXFileReference; lastKnownFileType = folder.assetcatalog; path = Assets.xcassets; sourceTree = "<group>"; };
		00C33F5F2D98C84C0077691B /* ContentView.swift */ = {isa = PBXFileReference; lastKnownFileType = sourcecode.swift; path = ContentView.swift; sourceTree = "<group>"; };
		00C33F602D98C84C0077691B /* mazer.h */ = {isa = PBXFileReference; lastKnownFileType = sourcecode.c.h; path = mazer.h; sourceTree = "<group>"; };
		00C33F612D98C84C0077691B /* mazer_bridge.h */ = {isa = PBXFileReference; lastKnownFileType = sourcecode.c.h; path = mazer_bridge.h; sourceTree = "<group>"; };
		00C33F622D98C84C0077691B /* mazer_iosApp.swift */ = {isa = PBXFileReference; lastKnownFileType = sourcecode.swift; path = mazer_iosApp.swift; sourceTree = "<group>"; };
		00C33F632D98C84C0077691B /* MazeRequestValidator.swift */ = {isa = PBXFileReference; lastKnownFileType = sourcecode.swift; path = MazeRequestValidator.swift; sourceTree = "<group>"; };
		00C33F642D98C84C0077691B /* MazeRequestView.swift */ = {isa = PBXFileReference; lastKnownFileType = sourcecode.swift; path = MazeRequestView.swift; sourceTree = "<group>"; };
		00C33F702D98C93D0077691B /* Coordinates.swift */ = {isa = PBXFileReference; lastKnownFileType = sourcecode.swift; path = Coordinates.swift; sourceTree = "<group>"; };
		00C33F712D98C97B0077691B /* MazeRequest.swift */ = {isa = PBXFileReference; lastKnownFileType = sourcecode.swift; path = MazeRequest.swift; sourceTree = "<group>"; };
		00C33F722D98C9E10077691B /* MazeType.swift */ = {isa = PBXFileReference; lastKnownFileType = sourcecode.swift; path = MazeType.swift; sourceTree = "<group>"; };
		00C33F732D98C9E60077691B /* MazeAlgorithm.swift */ = {isa = PBXFileReference; lastKnownFileType = sourcecode.swift; path = MazeAlgorithm.swift; sourceTree = "<group>"; };
		00C33F742D98CA9E0077691B /* MazeRequestError.swift */ = {isa = PBXFileReference; lastKnownFileType = sourcecode.swift; path = MazeRequestError.swift; sourceTree = "<group>"; };
/* End PBXFileReference section */

/* Begin PBXFrameworksBuildPhase section */
		0056D0962D94D7FE003B7493 /* Frameworks */ = {
			isa = PBXFrameworksBuildPhase;
			buildActionMask = 2147483647;
			files = (
				0056D1092D974039003B7493 /* libmazer.a in Frameworks */,
			);
			runOnlyForDeploymentPostprocessing = 0;
		};
/* End PBXFrameworksBuildPhase section */

/* Begin PBXGroup section */
		0056D0902D94D7FE003B7493 = {
			isa = PBXGroup;
			children = (
				0056D0EC2D95FECD003B7493 /* Frameworks */,
				0056D09A2D94D7FE003B7493 /* Products */,
				00C33F652D98C84C0077691B /* mazer-ios */,
			);
			sourceTree = "<group>";
		};
		0056D09A2D94D7FE003B7493 /* Products */ = {
			isa = PBXGroup;
			children = (
				0056D0992D94D7FE003B7493 /* mazer-ios.app */,
			);
			name = Products;
			sourceTree = "<group>";
		};
		0056D0EC2D95FECD003B7493 /* Frameworks */ = {
			isa = PBXGroup;
			children = (
				0056D1082D974038003B7493 /* libmazer.a */,
			);
			name = Frameworks;
			sourceTree = "<group>";
		};
		00C33F5D2D98C84C0077691B /* Preview Content */ = {
			isa = PBXGroup;
			children = (
				00C33F5C2D98C84C0077691B /* Preview Assets.xcassets */,
			);
			path = "Preview Content";
			sourceTree = "<group>";
		};
		00C33F652D98C84C0077691B /* mazer-ios */ = {
			isa = PBXGroup;
			children = (
				00C33F6E2D98C8EE0077691B /* Views */,
				00C33F5D2D98C84C0077691B /* Preview Content */,
				00C33F5E2D98C84C0077691B /* Assets.xcassets */,
				00C33F5F2D98C84C0077691B /* ContentView.swift */,
				00C33F602D98C84C0077691B /* mazer.h */,
				00C33F612D98C84C0077691B /* mazer_bridge.h */,
				00C33F622D98C84C0077691B /* mazer_iosApp.swift */,
				00C33F6D2D98C8E50077691B /* Models */,
				00C33F6F2D98C9010077691B /* Utils */,
			);
			path = "mazer-ios";
			sourceTree = "<group>";
		};
		00C33F6D2D98C8E50077691B /* Models */ = {
			isa = PBXGroup;
			children = (
				00C33F712D98C97B0077691B /* MazeRequest.swift */,
				00C33F742D98CA9E0077691B /* MazeRequestError.swift */,
				00C33F722D98C9E10077691B /* MazeType.swift */,
				00C33F732D98C9E60077691B /* MazeAlgorithm.swift */,
				00C33F702D98C93D0077691B /* Coordinates.swift */,
			);
			path = Models;
			sourceTree = "<group>";
		};
		00C33F6E2D98C8EE0077691B /* Views */ = {
			isa = PBXGroup;
			children = (
				00C33F642D98C84C0077691B /* MazeRequestView.swift */,
			);
			path = Views;
			sourceTree = "<group>";
		};
		00C33F6F2D98C9010077691B /* Utils */ = {
			isa = PBXGroup;
			children = (
				00C33F632D98C84C0077691B /* MazeRequestValidator.swift */,
			);
			path = Utils;
			sourceTree = "<group>";
		};
/* End PBXGroup section */

/* Begin PBXNativeTarget section */
		0056D0982D94D7FE003B7493 /* mazer-ios */ = {
			isa = PBXNativeTarget;
			buildConfigurationList = 0056D0A72D94D7FF003B7493 /* Build configuration list for PBXNativeTarget "mazer-ios" */;
			buildPhases = (
				0056D0952D94D7FE003B7493 /* Sources */,
				0056D0962D94D7FE003B7493 /* Frameworks */,
				0056D0972D94D7FE003B7493 /* Resources */,
			);
			buildRules = (
			);
			dependencies = (
			);
			name = "mazer-ios";
			packageProductDependencies = (
			);
			productName = "mazer-ios";
			productReference = 0056D0992D94D7FE003B7493 /* mazer-ios.app */;
			productType = "com.apple.product-type.application";
		};
/* End PBXNativeTarget section */

/* Begin PBXProject section */
		0056D0912D94D7FE003B7493 /* Project object */ = {
			isa = PBXProject;
			attributes = {
				BuildIndependentTargetsInParallel = 1;
				LastSwiftUpdateCheck = 1620;
				LastUpgradeCheck = 1620;
				TargetAttributes = {
					0056D0982D94D7FE003B7493 = {
						CreatedOnToolsVersion = 16.2;
					};
				};
			};
			buildConfigurationList = 0056D0942D94D7FE003B7493 /* Build configuration list for PBXProject "mazer-ios" */;
			developmentRegion = en;
			hasScannedForEncodings = 0;
			knownRegions = (
				en,
				Base,
			);
			mainGroup = 0056D0902D94D7FE003B7493;
			minimizedProjectReferenceProxies = 1;
			preferredProjectObjectVersion = 77;
			productRefGroup = 0056D09A2D94D7FE003B7493 /* Products */;
			projectDirPath = "";
			projectRoot = "";
			targets = (
				0056D0982D94D7FE003B7493 /* mazer-ios */,
			);
		};
/* End PBXProject section */

/* Begin PBXResourcesBuildPhase section */
		0056D0972D94D7FE003B7493 /* Resources */ = {
			isa = PBXResourcesBuildPhase;
			buildActionMask = 2147483647;
			files = (
				00C33F662D98C84C0077691B /* Preview Assets.xcassets in Resources */,
				00C33F672D98C84C0077691B /* Assets.xcassets in Resources */,
			);
			runOnlyForDeploymentPostprocessing = 0;
		};
/* End PBXResourcesBuildPhase section */

/* Begin PBXSourcesBuildPhase section */
		0056D0952D94D7FE003B7493 /* Sources */ = {
			isa = PBXSourcesBuildPhase;
			buildActionMask = 2147483647;
			files = (
				00C33F772D98CC800077691B /* MazeType.swift in Sources */,
				00C33F682D98C84C0077691B /* ContentView.swift in Sources */,
				00C33F6C2D98C84C0077691B /* mazer_bridge.h in Sources */,
				00C33F692D98C84C0077691B /* mazer_iosApp.swift in Sources */,
				00C33F762D98CC790077691B /* MazeRequest.swift in Sources */,
				00C33F6A2D98C84C0077691B /* MazeRequestValidator.swift in Sources */,
				00C33F6B2D98C84C0077691B /* MazeRequestView.swift in Sources */,
				00C33F752D98CC730077691B /* MazeRequestError.swift in Sources */,
				00C33F782D98CC860077691B /* MazeAlgorithm.swift in Sources */,
				00C33F792D98CC8E0077691B /* Coordinates.swift in Sources */,
			);
			runOnlyForDeploymentPostprocessing = 0;
		};
/* End PBXSourcesBuildPhase section */

/* Begin XCBuildConfiguration section */
		0056D0A52D94D7FF003B7493 /* Debug */ = {
			isa = XCBuildConfiguration;
			buildSettings = {
				ALWAYS_SEARCH_USER_PATHS = NO;
				ASSETCATALOG_COMPILER_GENERATE_SWIFT_ASSET_SYMBOL_EXTENSIONS = YES;
				CLANG_ANALYZER_NONNULL = YES;
				CLANG_ANALYZER_NUMBER_OBJECT_CONVERSION = YES_AGGRESSIVE;
				CLANG_CXX_LANGUAGE_STANDARD = "gnu++20";
				CLANG_ENABLE_MODULES = YES;
				CLANG_ENABLE_OBJC_ARC = YES;
				CLANG_ENABLE_OBJC_WEAK = YES;
				CLANG_WARN_BLOCK_CAPTURE_AUTORELEASING = YES;
				CLANG_WARN_BOOL_CONVERSION = YES;
				CLANG_WARN_COMMA = YES;
				CLANG_WARN_CONSTANT_CONVERSION = YES;
				CLANG_WARN_DEPRECATED_OBJC_IMPLEMENTATIONS = YES;
				CLANG_WARN_DIRECT_OBJC_ISA_USAGE = YES_ERROR;
				CLANG_WARN_DOCUMENTATION_COMMENTS = YES;
				CLANG_WARN_EMPTY_BODY = YES;
				CLANG_WARN_ENUM_CONVERSION = YES;
				CLANG_WARN_INFINITE_RECURSION = YES;
				CLANG_WARN_INT_CONVERSION = YES;
				CLANG_WARN_NON_LITERAL_NULL_CONVERSION = YES;
				CLANG_WARN_OBJC_IMPLICIT_RETAIN_SELF = YES;
				CLANG_WARN_OBJC_LITERAL_CONVERSION = YES;
				CLANG_WARN_OBJC_ROOT_CLASS = YES_ERROR;
				CLANG_WARN_QUOTED_INCLUDE_IN_FRAMEWORK_HEADER = YES;
				CLANG_WARN_RANGE_LOOP_ANALYSIS = YES;
				CLANG_WARN_STRICT_PROTOTYPES = YES;
				CLANG_WARN_SUSPICIOUS_MOVE = YES;
				CLANG_WARN_UNGUARDED_AVAILABILITY = YES_AGGRESSIVE;
				CLANG_WARN_UNREACHABLE_CODE = YES;
				CLANG_WARN__DUPLICATE_METHOD_MATCH = YES;
				COPY_PHASE_STRIP = NO;
				DEBUG_INFORMATION_FORMAT = dwarf;
				ENABLE_STRICT_OBJC_MSGSEND = YES;
				ENABLE_TESTABILITY = YES;
				ENABLE_USER_SCRIPT_SANDBOXING = YES;
				GCC_C_LANGUAGE_STANDARD = gnu17;
				GCC_DYNAMIC_NO_PIC = NO;
				GCC_NO_COMMON_BLOCKS = YES;
				GCC_OPTIMIZATION_LEVEL = 0;
				GCC_PREPROCESSOR_DEFINITIONS = (
					"DEBUG=1",
					"$(inherited)",
				);
				GCC_WARN_64_TO_32_BIT_CONVERSION = YES;
				GCC_WARN_ABOUT_RETURN_TYPE = YES_ERROR;
				GCC_WARN_UNDECLARED_SELECTOR = YES;
				GCC_WARN_UNINITIALIZED_AUTOS = YES_AGGRESSIVE;
				GCC_WARN_UNUSED_FUNCTION = YES;
				GCC_WARN_UNUSED_VARIABLE = YES;
				IPHONEOS_DEPLOYMENT_TARGET = 18.2;
				LOCALIZATION_PREFERS_STRING_CATALOGS = YES;
				MTL_ENABLE_DEBUG_INFO = INCLUDE_SOURCE;
				MTL_FAST_MATH = YES;
				ONLY_ACTIVE_ARCH = YES;
				SDKROOT = iphoneos;
				SWIFT_ACTIVE_COMPILATION_CONDITIONS = "DEBUG $(inherited)";
				SWIFT_OPTIMIZATION_LEVEL = "-Onone";
			};
			name = Debug;
		};
		0056D0A62D94D7FF003B7493 /* Release */ = {
			isa = XCBuildConfiguration;
			buildSettings = {
				ALWAYS_SEARCH_USER_PATHS = NO;
				ASSETCATALOG_COMPILER_GENERATE_SWIFT_ASSET_SYMBOL_EXTENSIONS = YES;
				CLANG_ANALYZER_NONNULL = YES;
				CLANG_ANALYZER_NUMBER_OBJECT_CONVERSION = YES_AGGRESSIVE;
				CLANG_CXX_LANGUAGE_STANDARD = "gnu++20";
				CLANG_ENABLE_MODULES = YES;
				CLANG_ENABLE_OBJC_ARC = YES;
				CLANG_ENABLE_OBJC_WEAK = YES;
				CLANG_WARN_BLOCK_CAPTURE_AUTORELEASING = YES;
				CLANG_WARN_BOOL_CONVERSION = YES;
				CLANG_WARN_COMMA = YES;
				CLANG_WARN_CONSTANT_CONVERSION = YES;
				CLANG_WARN_DEPRECATED_OBJC_IMPLEMENTATIONS = YES;
				CLANG_WARN_DIRECT_OBJC_ISA_USAGE = YES_ERROR;
				CLANG_WARN_DOCUMENTATION_COMMENTS = YES;
				CLANG_WARN_EMPTY_BODY = YES;
				CLANG_WARN_ENUM_CONVERSION = YES;
				CLANG_WARN_INFINITE_RECURSION = YES;
				CLANG_WARN_INT_CONVERSION = YES;
				CLANG_WARN_NON_LITERAL_NULL_CONVERSION = YES;
				CLANG_WARN_OBJC_IMPLICIT_RETAIN_SELF = YES;
				CLANG_WARN_OBJC_LITERAL_CONVERSION = YES;
				CLANG_WARN_OBJC_ROOT_CLASS = YES_ERROR;
				CLANG_WARN_QUOTED_INCLUDE_IN_FRAMEWORK_HEADER = YES;
				CLANG_WARN_RANGE_LOOP_ANALYSIS = YES;
				CLANG_WARN_STRICT_PROTOTYPES = YES;
				CLANG_WARN_SUSPICIOUS_MOVE = YES;
				CLANG_WARN_UNGUARDED_AVAILABILITY = YES_AGGRESSIVE;
				CLANG_WARN_UNREACHABLE_CODE = YES;
				CLANG_WARN__DUPLICATE_METHOD_MATCH = YES;
				COPY_PHASE_STRIP = NO;
				DEBUG_INFORMATION_FORMAT = "dwarf-with-dsym";
				ENABLE_NS_ASSERTIONS = NO;
				ENABLE_STRICT_OBJC_MSGSEND = YES;
				ENABLE_USER_SCRIPT_SANDBOXING = YES;
				GCC_C_LANGUAGE_STANDARD = gnu17;
				GCC_NO_COMMON_BLOCKS = YES;
				GCC_WARN_64_TO_32_BIT_CONVERSION = YES;
				GCC_WARN_ABOUT_RETURN_TYPE = YES_ERROR;
				GCC_WARN_UNDECLARED_SELECTOR = YES;
				GCC_WARN_UNINITIALIZED_AUTOS = YES_AGGRESSIVE;
				GCC_WARN_UNUSED_FUNCTION = YES;
				GCC_WARN_UNUSED_VARIABLE = YES;
				IPHONEOS_DEPLOYMENT_TARGET = 18.2;
				LOCALIZATION_PREFERS_STRING_CATALOGS = YES;
				MTL_ENABLE_DEBUG_INFO = NO;
				MTL_FAST_MATH = YES;
				SDKROOT = iphoneos;
				SWIFT_COMPILATION_MODE = wholemodule;
				VALIDATE_PRODUCT = YES;
			};
			name = Release;
		};
		0056D0A82D94D7FF003B7493 /* Debug */ = {
			isa = XCBuildConfiguration;
			buildSettings = {
				ASSETCATALOG_COMPILER_APPICON_NAME = AppIcon;
				ASSETCATALOG_COMPILER_GLOBAL_ACCENT_COLOR_NAME = AccentColor;
				CODE_SIGN_STYLE = Automatic;
				CURRENT_PROJECT_VERSION = 1;
				DEVELOPMENT_ASSET_PATHS = "\"mazer-ios/Preview Content\"";
				ENABLE_PREVIEWS = YES;
				GENERATE_INFOPLIST_FILE = YES;
				INFOPLIST_KEY_UIApplicationSceneManifest_Generation = YES;
				INFOPLIST_KEY_UIApplicationSupportsIndirectInputEvents = YES;
				INFOPLIST_KEY_UILaunchScreen_Generation = YES;
				INFOPLIST_KEY_UISupportedInterfaceOrientations_iPad = "UIInterfaceOrientationPortrait UIInterfaceOrientationPortraitUpsideDown UIInterfaceOrientationLandscapeLeft UIInterfaceOrientationLandscapeRight";
				INFOPLIST_KEY_UISupportedInterfaceOrientations_iPhone = "UIInterfaceOrientationPortrait UIInterfaceOrientationLandscapeLeft UIInterfaceOrientationLandscapeRight";
				LD_RUNPATH_SEARCH_PATHS = (
					"$(inherited)",
					"@executable_path/Frameworks",
				);
				LIBRARY_SEARCH_PATHS = (
					"$(inherited)",
					"$(PROJECT_DIR)/mazer/target/aarch64-apple-ios/debug",
					"$(PROJECT_DIR)/mazer/target/aarch64-apple-ios-sim/debug",
				);
				MARKETING_VERSION = 1.0;
				PRODUCT_BUNDLE_IDENTIFIER = "com.github.jmisabella.mazer-ios";
				PRODUCT_NAME = "$(TARGET_NAME)";
				SWIFT_EMIT_LOC_STRINGS = YES;
				"SWIFT_OBJC_BRIDGING_HEADER[arch=*]" = "${PROJECT_DIR}/mazer-ios/mazer_bridge.h";
				SWIFT_VERSION = 5.0;
				TARGETED_DEVICE_FAMILY = "1,2";
			};
			name = Debug;
		};
		0056D0A92D94D7FF003B7493 /* Release */ = {
			isa = XCBuildConfiguration;
			buildSettings = {
				ASSETCATALOG_COMPILER_APPICON_NAME = AppIcon;
				ASSETCATALOG_COMPILER_GLOBAL_ACCENT_COLOR_NAME = AccentColor;
				CODE_SIGN_STYLE = Automatic;
				CURRENT_PROJECT_VERSION = 1;
				DEVELOPMENT_ASSET_PATHS = "\"mazer-ios/Preview Content\"";
				ENABLE_PREVIEWS = YES;
				GENERATE_INFOPLIST_FILE = YES;
				INFOPLIST_KEY_UIApplicationSceneManifest_Generation = YES;
				INFOPLIST_KEY_UIApplicationSupportsIndirectInputEvents = YES;
				INFOPLIST_KEY_UILaunchScreen_Generation = YES;
				INFOPLIST_KEY_UISupportedInterfaceOrientations_iPad = "UIInterfaceOrientationPortrait UIInterfaceOrientationPortraitUpsideDown UIInterfaceOrientationLandscapeLeft UIInterfaceOrientationLandscapeRight";
				INFOPLIST_KEY_UISupportedInterfaceOrientations_iPhone = "UIInterfaceOrientationPortrait UIInterfaceOrientationLandscapeLeft UIInterfaceOrientationLandscapeRight";
				LD_RUNPATH_SEARCH_PATHS = (
					"$(inherited)",
					"@executable_path/Frameworks",
				);
				LIBRARY_SEARCH_PATHS = (
					"$(inherited)",
					"$(PROJECT_DIR)/mazer/target/aarch64-apple-ios/debug",
					"$(PROJECT_DIR)/mazer/target/aarch64-apple-ios-sim/debug",
				);
				MARKETING_VERSION = 1.0;
				PRODUCT_BUNDLE_IDENTIFIER = "com.github.jmisabella.mazer-ios";
				PRODUCT_NAME = "$(TARGET_NAME)";
				SWIFT_EMIT_LOC_STRINGS = YES;
				"SWIFT_OBJC_BRIDGING_HEADER[arch=*]" = "${PROJECT_DIR}/mazer-ios/mazer_bridge.h";
				SWIFT_VERSION = 5.0;
				TARGETED_DEVICE_FAMILY = "1,2";
			};
			name = Release;
		};
/* End XCBuildConfiguration section */

/* Begin XCConfigurationList section */
		0056D0942D94D7FE003B7493 /* Build configuration list for PBXProject "mazer-ios" */ = {
			isa = XCConfigurationList;
			buildConfigurations = (
				0056D0A52D94D7FF003B7493 /* Debug */,
				0056D0A62D94D7FF003B7493 /* Release */,
			);
			defaultConfigurationIsVisible = 0;
			defaultConfigurationName = Release;
		};
		0056D0A72D94D7FF003B7493 /* Build configuration list for PBXNativeTarget "mazer-ios" */ = {
			isa = XCConfigurationList;
			buildConfigurations = (
				0056D0A82D94D7FF003B7493 /* Debug */,
				0056D0A92D94D7FF003B7493 /* Release */,
			);
			defaultConfigurationIsVisible = 0;
			defaultConfigurationName = Release;
		};
/* End XCConfigurationList section */
	};
	rootObject = 0056D0912D94D7FE003B7493 /* Project object */;
}
